
Microsoft Visual Studio Solution File, Format Version 12.00
# Visual Studio Version 17
VisualStudioVersion = 17.0.31611.283
MinimumVisualStudioVersion = 10.0.40219.1
Project("{9A19103F-16F7-4668-BE54-9A1E7A4F7556}") = "MauiAndroidDll.App", "MauiAndroidDll.App.csproj", "{21664828-B26E-4B59-9142-EBD354B899D5}"
EndProject
Project("{FAE04EC0-301F-11D3-BF4B-00C04F79EFBC}") = "MauiAndroidDll.Proxy", "..\MauiAndroidDll.Proxy\MauiAndroidDll.Proxy.csproj", "{9744CC03-D8DC-4A63-99F2-6ADB2649DD83}"
EndProject
Global
	GlobalSection(SolutionConfigurationPlatforms) = preSolution
		Debug|Any CPU = Debug|Any CPU
		Release|Any CPU = Release|Any CPU
	EndGlobalSection
	GlobalSection(ProjectConfigurationPlatforms) = postSolution
		{21664828-B26E-4B59-9142-EBD354B899D5}.Debug|Any CPU.ActiveCfg = Debug|Any CPU
		{21664828-B26E-4B59-9142-EBD354B899D5}.Debug|Any CPU.Build.0 = Debug|Any CPU
		{21664828-B26E-4B59-9142-EBD354B899D5}.Debug|Any CPU.Deploy.0 = Debug|Any CPU
		{21664828-B26E-4B59-9142-EBD354B899D5}.Release|Any CPU.ActiveCfg = Release|Any CPU
		{21664828-B26E-4B59-9142-EBD354B899D5}.Release|Any CPU.Build.0 = Release|Any CPU
		{21664828-B26E-4B59-9142-EBD354B899D5}.Release|Any CPU.Deploy.0 = Release|Any CPU
		{9744CC03-D8DC-4A63-99F2-6ADB2649DD83}.Debug|Any CPU.ActiveCfg = Debug|Any CPU
		{9744CC03-D8DC-4A63-99F2-6ADB2649DD83}.Debug|Any CPU.Build.0 = Debug|Any CPU
		{9744CC03-D8DC-4A63-99F2-6ADB2649DD83}.Release|Any CPU.ActiveCfg = Release|Any CPU
		{9744CC03-D8DC-4A63-99F2-6ADB2649DD83}.Release|Any CPU.Build.0 = Release|Any CPU
	EndGlobalSection
	GlobalSection(SolutionProperties) = preSolution
		HideSolutionNode = FALSE
	EndGlobalSection
	GlobalSection(ExtensibilityGlobals) = postSolution
		SolutionGuid = {61F7FB11-1E47-470C-91E2-47F8143E1572}
	EndGlobalSection
EndGlobal
